// !$*UTF8*$!
{
	archiveVersion = 1;
	classes = {
	};
	objectVersion = 50;
	objects = {

/* Begin PBXBuildFile section */
		FCAF194425FCE30100153704 /* battleground.swift in Sources */ = {isa = PBXBuildFile; fileRef = FCAF194325FCE30100153704 /* battleground.swift */; };
		FCAF194725FCE3DC00153704 /* message.swift in Sources */ = {isa = PBXBuildFile; fileRef = FCAF194625FCE3DC00153704 /* message.swift */; };
		FCB8B3AC25F63D4800D61F84 /* main.swift in Sources */ = {isa = PBXBuildFile; fileRef = FCB8B3AB25F63D4800D61F84 /* main.swift */; };
		FCF1D6BF2600B43E0019E185 /* details_for_field.swift in Sources */ = {isa = PBXBuildFile; fileRef = FCF1D6BE2600B43E0019E185 /* details_for_field.swift */; };
		FCF1D6C226026E880019E185 /* computerLogic.swift in Sources */ = {isa = PBXBuildFile; fileRef = FCF1D6C126026E880019E185 /* computerLogic.swift */; };
		FCF1D6C92603BD1E0019E185 /* secondaryFunctions.swift in Sources */ = {isa = PBXBuildFile; fileRef = FCF1D6C82603BD1E0019E185 /* secondaryFunctions.swift */; };
		FCFA5A8225F640A6008F4AF0 /* ship.swift in Sources */ = {isa = PBXBuildFile; fileRef = FCFA5A8125F640A6008F4AF0 /* ship.swift */; };
/* End PBXBuildFile section */

/* Begin PBXCopyFilesBuildPhase section */
		FCB8B3A625F63D4800D61F84 /* CopyFiles */ = {
			isa = PBXCopyFilesBuildPhase;
			buildActionMask = 2147483647;
			dstPath = /usr/share/man/man1/;
			dstSubfolderSpec = 0;
			files = (
			);
			runOnlyForDeploymentPostprocessing = 1;
		};
/* End PBXCopyFilesBuildPhase section */

/* Begin PBXFileReference section */
		FCAF194325FCE30100153704 /* battleground.swift */ = {isa = PBXFileReference; lastKnownFileType = sourcecode.swift; path = battleground.swift; sourceTree = "<group>"; };
		FCAF194625FCE3DC00153704 /* message.swift */ = {isa = PBXFileReference; lastKnownFileType = sourcecode.swift; path = message.swift; sourceTree = "<group>"; };
		FCB8B3A825F63D4800D61F84 /* Sea_battle */ = {isa = PBXFileReference; explicitFileType = "compiled.mach-o.executable"; includeInIndex = 0; path = Sea_battle; sourceTree = BUILT_PRODUCTS_DIR; };
		FCB8B3AB25F63D4800D61F84 /* main.swift */ = {isa = PBXFileReference; lastKnownFileType = sourcecode.swift; path = main.swift; sourceTree = "<group>"; };
		FCF1D6BE2600B43E0019E185 /* details_for_field.swift */ = {isa = PBXFileReference; lastKnownFileType = sourcecode.swift; path = details_for_field.swift; sourceTree = "<group>"; };
		FCF1D6C126026E880019E185 /* computerLogic.swift */ = {isa = PBXFileReference; lastKnownFileType = sourcecode.swift; path = computerLogic.swift; sourceTree = "<group>"; };
		FCF1D6C82603BD1E0019E185 /* secondaryFunctions.swift */ = {isa = PBXFileReference; lastKnownFileType = sourcecode.swift; path = secondaryFunctions.swift; sourceTree = "<group>"; };
		FCFA5A8125F640A6008F4AF0 /* ship.swift */ = {isa = PBXFileReference; lastKnownFileType = sourcecode.swift; path = ship.swift; sourceTree = "<group>"; };
/* End PBXFileReference section */

/* Begin PBXFrameworksBuildPhase section */
		FCB8B3A525F63D4800D61F84 /* Frameworks */ = {
			isa = PBXFrameworksBuildPhase;
			buildActionMask = 2147483647;
			files = (
			);
			runOnlyForDeploymentPostprocessing = 0;
		};
/* End PBXFrameworksBuildPhase section */

/* Begin PBXGroup section */
		FCB8B39F25F63D4800D61F84 = {
			isa = PBXGroup;
			children = (
				FCB8B3AA25F63D4800D61F84 /* Sea_battle */,
				FCB8B3A925F63D4800D61F84 /* Products */,
			);
			sourceTree = "<group>";
		};
		FCB8B3A925F63D4800D61F84 /* Products */ = {
			isa = PBXGroup;
			children = (
				FCB8B3A825F63D4800D61F84 /* Sea_battle */,
			);
			name = Products;
			sourceTree = "<group>";
		};
		FCB8B3AA25F63D4800D61F84 /* Sea_battle */ = {
			isa = PBXGroup;
			children = (
				FCB8B3AB25F63D4800D61F84 /* main.swift */,
				FCF1D6C126026E880019E185 /* computerLogic.swift */,
				FCF1D6CD2603E50E0019E185 /* SecondaryFiles */,
				FCF1D6CB2603E4B00019E185 /* Objects */,
			);
			path = Sea_battle;
			sourceTree = "<group>";
		};
		FCF1D6CB2603E4B00019E185 /* Objects */ = {
			isa = PBXGroup;
			children = (
				FCFA5A8125F640A6008F4AF0 /* ship.swift */,
				FCAF194325FCE30100153704 /* battleground.swift */,
				FCF1D6BE2600B43E0019E185 /* details_for_field.swift */,
			);
			path = Objects;
			sourceTree = "<group>";
		};
		FCF1D6CD2603E50E0019E185 /* SecondaryFiles */ = {
			isa = PBXGroup;
			children = (
				FCF1D6C82603BD1E0019E185 /* secondaryFunctions.swift */,
				FCAF194625FCE3DC00153704 /* message.swift */,
			);
			path = SecondaryFiles;
			sourceTree = "<group>";
		};
/* End PBXGroup section */

/* Begin PBXNativeTarget section */
		FCB8B3A725F63D4800D61F84 /* Sea_battle */ = {
			isa = PBXNativeTarget;
			buildConfigurationList = FCB8B3AF25F63D4800D61F84 /* Build configuration list for PBXNativeTarget "Sea_battle" */;
			buildPhases = (
				FCB8B3A425F63D4800D61F84 /* Sources */,
				FCB8B3A525F63D4800D61F84 /* Frameworks */,
				FCB8B3A625F63D4800D61F84 /* CopyFiles */,
			);
			buildRules = (
			);
			dependencies = (
			);
			name = Sea_battle;
			productName = Sea_battle;
			productReference = FCB8B3A825F63D4800D61F84 /* Sea_battle */;
			productType = "com.apple.product-type.tool";
		};
/* End PBXNativeTarget section */

/* Begin PBXProject section */
		FCB8B3A025F63D4800D61F84 /* Project object */ = {
			isa = PBXProject;
			attributes = {
				LastSwiftUpdateCheck = 1220;
				LastUpgradeCheck = 1220;
				TargetAttributes = {
					FCB8B3A725F63D4800D61F84 = {
						CreatedOnToolsVersion = 12.2;
					};
				};
			};
			buildConfigurationList = FCB8B3A325F63D4800D61F84 /* Build configuration list for PBXProject "Sea_battle" */;
			compatibilityVersion = "Xcode 9.3";
			developmentRegion = en;
			hasScannedForEncodings = 0;
			knownRegions = (
				en,
				Base,
			);
			mainGroup = FCB8B39F25F63D4800D61F84;
			productRefGroup = FCB8B3A925F63D4800D61F84 /* Products */;
			projectDirPath = "";
			projectRoot = "";
			targets = (
				FCB8B3A725F63D4800D61F84 /* Sea_battle */,
			);
		};
/* End PBXProject section */

/* Begin PBXSourcesBuildPhase section */
		FCB8B3A425F63D4800D61F84 /* Sources */ = {
			isa = PBXSourcesBuildPhase;
			buildActionMask = 2147483647;
			files = (
				FCB8B3AC25F63D4800D61F84 /* main.swift in Sources */,
				FCF1D6C226026E880019E185 /* computerLogic.swift in Sources */,
				FCAF194725FCE3DC00153704 /* message.swift in Sources */,
				FCFA5A8225F640A6008F4AF0 /* ship.swift in Sources */,
				FCAF194425FCE30100153704 /* battleground.swift in Sources */,
				FCF1D6BF2600B43E0019E185 /* details_for_field.swift in Sources */,
				FCF1D6C92603BD1E0019E185 /* secondaryFunctions.swift in Sources */,
			);
			runOnlyForDeploymentPostprocessing = 0;
		};
/* End PBXSourcesBuildPhase section */

/* Begin XCBuildConfiguration section */
		FCB8B3AD25F63D4800D61F84 /* Debug */ = {
			isa = XCBuildConfiguration;
			buildSettings = {
				ALWAYS_SEARCH_USER_PATHS = NO;
				CLANG_ANALYZER_NONNULL = YES;
				CLANG_ANALYZER_NUMBER_OBJECT_CONVERSION = YES_AGGRESSIVE;
				CLANG_CXX_LANGUAGE_STANDARD = "gnu++14";
				CLANG_CXX_LIBRARY = "libc++";
				CLANG_ENABLE_MODULES = YES;
				CLANG_ENABLE_OBJC_ARC = YES;
				CLANG_ENABLE_OBJC_WEAK = YES;
				CLANG_WARN_BLOCK_CAPTURE_AUTORELEASING = YES;
				CLANG_WARN_BOOL_CONVERSION = YES;
				CLANG_WARN_COMMA = YES;
				CLANG_WARN_CONSTANT_CONVERSION = YES;
				CLANG_WARN_DEPRECATED_OBJC_IMPLEMENTATIONS = YES;
				CLANG_WARN_DIRECT_OBJC_ISA_USAGE = YES_ERROR;
				CLANG_WARN_DOCUMENTATION_COMMENTS = YES;
				CLANG_WARN_EMPTY_BODY = YES;
				CLANG_WARN_ENUM_CONVERSION = YES;
				CLANG_WARN_INFINITE_RECURSION = YES;
				CLANG_WARN_INT_CONVERSION = YES;
				CLANG_WARN_NON_LITERAL_NULL_CONVERSION = YES;
				CLANG_WARN_OBJC_IMPLICIT_RETAIN_SELF = YES;
				CLANG_WARN_OBJC_LITERAL_CONVERSION = YES;
				CLANG_WARN_OBJC_ROOT_CLASS = YES_ERROR;
				CLANG_WARN_QUOTED_INCLUDE_IN_FRAMEWORK_HEADER = YES;
				CLANG_WARN_RANGE_LOOP_ANALYSIS = YES;
				CLANG_WARN_STRICT_PROTOTYPES = YES;
				CLANG_WARN_SUSPICIOUS_MOVE = YES;
				CLANG_WARN_UNGUARDED_AVAILABILITY = YES_AGGRESSIVE;
				CLANG_WARN_UNREACHABLE_CODE = YES;
				CLANG_WARN__DUPLICATE_METHOD_MATCH = YES;
				COPY_PHASE_STRIP = NO;
				DEBUG_INFORMATION_FORMAT = dwarf;
				ENABLE_STRICT_OBJC_MSGSEND = YES;
				ENABLE_TESTABILITY = YES;
				GCC_C_LANGUAGE_STANDARD = gnu11;
				GCC_DYNAMIC_NO_PIC = NO;
				GCC_NO_COMMON_BLOCKS = YES;
				GCC_OPTIMIZATION_LEVEL = 0;
				GCC_PREPROCESSOR_DEFINITIONS = (
					"DEBUG=1",
					"$(inherited)",
				);
				GCC_WARN_64_TO_32_BIT_CONVERSION = YES;
				GCC_WARN_ABOUT_RETURN_TYPE = YES_ERROR;
				GCC_WARN_UNDECLARED_SELECTOR = YES;
				GCC_WARN_UNINITIALIZED_AUTOS = YES_AGGRESSIVE;
				GCC_WARN_UNUSED_FUNCTION = YES;
				GCC_WARN_UNUSED_VARIABLE = YES;
				MACOSX_DEPLOYMENT_TARGET = 11.0;
				MTL_ENABLE_DEBUG_INFO = INCLUDE_SOURCE;
				MTL_FAST_MATH = YES;
				ONLY_ACTIVE_ARCH = YES;
				SDKROOT = macosx;
				SWIFT_ACTIVE_COMPILATION_CONDITIONS = DEBUG;
				SWIFT_OPTIMIZATION_LEVEL = "-Onone";
			};
			name = Debug;
		};
		FCB8B3AE25F63D4800D61F84 /* Release */ = {
			isa = XCBuildConfiguration;
			buildSettings = {
				ALWAYS_SEARCH_USER_PATHS = NO;
				CLANG_ANALYZER_NONNULL = YES;
				CLANG_ANALYZER_NUMBER_OBJECT_CONVERSION = YES_AGGRESSIVE;
				CLANG_CXX_LANGUAGE_STANDARD = "gnu++14";
				CLANG_CXX_LIBRARY = "libc++";
				CLANG_ENABLE_MODULES = YES;
				CLANG_ENABLE_OBJC_ARC = YES;
				CLANG_ENABLE_OBJC_WEAK = YES;
				CLANG_WARN_BLOCK_CAPTURE_AUTORELEASING = YES;
				CLANG_WARN_BOOL_CONVERSION = YES;
				CLANG_WARN_COMMA = YES;
				CLANG_WARN_CONSTANT_CONVERSION = YES;
				CLANG_WARN_DEPRECATED_OBJC_IMPLEMENTATIONS = YES;
				CLANG_WARN_DIRECT_OBJC_ISA_USAGE = YES_ERROR;
				CLANG_WARN_DOCUMENTATION_COMMENTS = YES;
				CLANG_WARN_EMPTY_BODY = YES;
				CLANG_WARN_ENUM_CONVERSION = YES;
				CLANG_WARN_INFINITE_RECURSION = YES;
				CLANG_WARN_INT_CONVERSION = YES;
				CLANG_WARN_NON_LITERAL_NULL_CONVERSION = YES;
				CLANG_WARN_OBJC_IMPLICIT_RETAIN_SELF = YES;
				CLANG_WARN_OBJC_LITERAL_CONVERSION = YES;
				CLANG_WARN_OBJC_ROOT_CLASS = YES_ERROR;
				CLANG_WARN_QUOTED_INCLUDE_IN_FRAMEWORK_HEADER = YES;
				CLANG_WARN_RANGE_LOOP_ANALYSIS = YES;
				CLANG_WARN_STRICT_PROTOTYPES = YES;
				CLANG_WARN_SUSPICIOUS_MOVE = YES;
				CLANG_WARN_UNGUARDED_AVAILABILITY = YES_AGGRESSIVE;
				CLANG_WARN_UNREACHABLE_CODE = YES;
				CLANG_WARN__DUPLICATE_METHOD_MATCH = YES;
				COPY_PHASE_STRIP = NO;
				DEBUG_INFORMATION_FORMAT = "dwarf-with-dsym";
				ENABLE_NS_ASSERTIONS = NO;
				ENABLE_STRICT_OBJC_MSGSEND = YES;
				GCC_C_LANGUAGE_STANDARD = gnu11;
				GCC_NO_COMMON_BLOCKS = YES;
				GCC_WARN_64_TO_32_BIT_CONVERSION = YES;
				GCC_WARN_ABOUT_RETURN_TYPE = YES_ERROR;
				GCC_WARN_UNDECLARED_SELECTOR = YES;
				GCC_WARN_UNINITIALIZED_AUTOS = YES_AGGRESSIVE;
				GCC_WARN_UNUSED_FUNCTION = YES;
				GCC_WARN_UNUSED_VARIABLE = YES;
				MACOSX_DEPLOYMENT_TARGET = 11.0;
				MTL_ENABLE_DEBUG_INFO = NO;
				MTL_FAST_MATH = YES;
				SDKROOT = macosx;
				SWIFT_COMPILATION_MODE = wholemodule;
				SWIFT_OPTIMIZATION_LEVEL = "-O";
			};
			name = Release;
		};
		FCB8B3B025F63D4800D61F84 /* Debug */ = {
			isa = XCBuildConfiguration;
			buildSettings = {
				CODE_SIGN_STYLE = Automatic;
				DEVELOPMENT_TEAM = RYFV96F3JH;
				ENABLE_HARDENED_RUNTIME = YES;
				PRODUCT_NAME = "$(TARGET_NAME)";
				SWIFT_VERSION = 5.0;
			};
			name = Debug;
		};
		FCB8B3B125F63D4800D61F84 /* Release */ = {
			isa = XCBuildConfiguration;
			buildSettings = {
				CODE_SIGN_STYLE = Automatic;
				DEVELOPMENT_TEAM = RYFV96F3JH;
				ENABLE_HARDENED_RUNTIME = YES;
				PRODUCT_NAME = "$(TARGET_NAME)";
				SWIFT_VERSION = 5.0;
			};
			name = Release;
		};
/* End XCBuildConfiguration section */

/* Begin XCConfigurationList section */
		FCB8B3A325F63D4800D61F84 /* Build configuration list for PBXProject "Sea_battle" */ = {
			isa = XCConfigurationList;
			buildConfigurations = (
				FCB8B3AD25F63D4800D61F84 /* Debug */,
				FCB8B3AE25F63D4800D61F84 /* Release */,
			);
			defaultConfigurationIsVisible = 0;
			defaultConfigurationName = Release;
		};
		FCB8B3AF25F63D4800D61F84 /* Build configuration list for PBXNativeTarget "Sea_battle" */ = {
			isa = XCConfigurationList;
			buildConfigurations = (
				FCB8B3B025F63D4800D61F84 /* Debug */,
				FCB8B3B125F63D4800D61F84 /* Release */,
			);
			defaultConfigurationIsVisible = 0;
			defaultConfigurationName = Release;
		};
/* End XCConfigurationList section */
	};
	rootObject = FCB8B3A025F63D4800D61F84 /* Project object */;
}
